# This file is automatically @generated by Cargo.
# It is not intended for manual editing.
version = 4

[[package]]
name = "lighthouse-commands"
version = "0.1.0"
dependencies = [
 "lighthouse-domain",
 "lighthouse-effects",
]

[[package]]
name = "lighthouse-domain"
version = "0.1.0"

[[package]]
name = "lighthouse-effects"
version = "0.1.0"
dependencies = [
 "lighthouse-domain",
]

[[package]]
name = "lighthouse-fixture-model"
version = "0.1.0"
dependencies = [
 "lighthouse-domain",
]

[[package]]
name = "lighthouse-output-api"
version = "0.1.0"
dependencies = [
 "lighthouse-domain",
]

[[package]]
name = "lighthouse-output-artnet"
version = "0.1.0"
dependencies = [
 "lighthouse-domain",
 "lighthouse-output-api",
]

[[package]]
name = "lighthouse-parameter-resolver"
version = "0.1.0"
dependencies = [
 "lighthouse-domain",
 "lighthouse-fixture-model",
 "lighthouse-output-api",
 "lighthouse-patch",
]

[[package]]
name = "lighthouse-patch"
version = "0.1.0"
dependencies = [
 "lighthouse-domain",
]

[[package]]
name = "lighthouse-show-engine"
version = "0.1.0"
dependencies = [
 "lighthouse-commands",
 "lighthouse-domain",
 "lighthouse-effects",
 "lighthouse-output-api",
]

[[package]]
name = "lighthouse-show-engine-app"
version = "0.1.0"
dependencies = [
 "lighthouse-domain",
 "lighthouse-output-api",
 "lighthouse-output-artnet",
 "lighthouse-show-engine",
]

[[package]]
name = "lighthouse-virtual-dmx-node"
version = "0.1.0"
dependencies = [
 "lighthouse-output-artnet",
]
